
Microsoft Visual Studio Solution File, Format Version 12.00
# Visual Studio 15
Project("{FAE04EC0-301F-11D3-BF4B-00C04F79EFBC}") = "Assembly-CSharp", "Assembly-CSharp.csproj", "{51B29799-0ED4-8CD6-9B9A-9AB522CEF2AD}"
EndProject
Project("{FAE04EC0-301F-11D3-BF4B-00C04F79EFBC}") = "GoogleMobileAds.Editor", "GoogleMobileAds.Editor.csproj", "{C0F28414-0925-A56F-58AB-9E0F5B03DC61}"
EndProject
Global
	GlobalSection(SolutionConfigurationPlatforms) = preSolution
		Debug|Any CPU = Debug|Any CPU
		Release|Any CPU = Release|Any CPU
	EndGlobalSection
	GlobalSection(ProjectConfigurationPlatforms) = postSolution
		{51B29799-0ED4-8CD6-9B9A-9AB522CEF2AD}.Debug|Any CPU.ActiveCfg = Debug|Any CPU
		{51B29799-0ED4-8CD6-9B9A-9AB522CEF2AD}.Debug|Any CPU.Build.0 = Debug|Any CPU
		{51B29799-0ED4-8CD6-9B9A-9AB522CEF2AD}.Release|Any CPU.ActiveCfg = Release|Any CPU
		{51B29799-0ED4-8CD6-9B9A-9AB522CEF2AD}.Release|Any CPU.Build.0 = Release|Any CPU
		{C0F28414-0925-A56F-58AB-9E0F5B03DC61}.Debug|Any CPU.ActiveCfg = Debug|Any CPU
		{C0F28414-0925-A56F-58AB-9E0F5B03DC61}.Debug|Any CPU.Build.0 = Debug|Any CPU
		{C0F28414-0925-A56F-58AB-9E0F5B03DC61}.Release|Any CPU.ActiveCfg = Release|Any CPU
		{C0F28414-0925-A56F-58AB-9E0F5B03DC61}.Release|Any CPU.Build.0 = Release|Any CPU
	EndGlobalSection
	GlobalSection(SolutionProperties) = preSolution
		HideSolutionNode = FALSE
	EndGlobalSection
EndGlobal
